
Microsoft Visual Studio Solution File, Format Version 12.00
# Visual Studio Version 16
VisualStudioVersion = 16.0.29613.14
MinimumVisualStudioVersion = 10.0.40219.1
Project("{FAE04EC0-301F-11D3-BF4B-00C04F79EFBC}") = "StatsVariance", "Calculator\StatsVariance.csproj", "{A9FD21FC-F100-4FAF-A77A-CD4B800110E1}"
EndProject
Project("{9A19103F-16F7-4668-BE54-9A1E7A4F7556}") = "StatsOperations", "..\StatsOperations\StatsOperations\StatsOperations.csproj", "{909540EE-5C03-426C-9150-4A5454159BB2}"
EndProject
Global
	GlobalSection(SolutionConfigurationPlatforms) = preSolution
		Debug|Any CPU = Debug|Any CPU
		Release|Any CPU = Release|Any CPU
	EndGlobalSection
	GlobalSection(ProjectConfigurationPlatforms) = postSolution
		{A9FD21FC-F100-4FAF-A77A-CD4B800110E1}.Debug|Any CPU.ActiveCfg = Debug|Any CPU
		{A9FD21FC-F100-4FAF-A77A-CD4B800110E1}.Debug|Any CPU.Build.0 = Debug|Any CPU
		{A9FD21FC-F100-4FAF-A77A-CD4B800110E1}.Release|Any CPU.ActiveCfg = Release|Any CPU
		{A9FD21FC-F100-4FAF-A77A-CD4B800110E1}.Release|Any CPU.Build.0 = Release|Any CPU
		{909540EE-5C03-426C-9150-4A5454159BB2}.Debug|Any CPU.ActiveCfg = Debug|Any CPU
		{909540EE-5C03-426C-9150-4A5454159BB2}.Debug|Any CPU.Build.0 = Debug|Any CPU
		{909540EE-5C03-426C-9150-4A5454159BB2}.Release|Any CPU.ActiveCfg = Release|Any CPU
		{909540EE-5C03-426C-9150-4A5454159BB2}.Release|Any CPU.Build.0 = Release|Any CPU
	EndGlobalSection
	GlobalSection(SolutionProperties) = preSolution
		HideSolutionNode = FALSE
	EndGlobalSection
	GlobalSection(ExtensibilityGlobals) = postSolution
		SolutionGuid = {14818331-26A5-435E-BEA0-9D6EF8FEB5EB}
	EndGlobalSection
EndGlobal
